<?xml version="1.0" encoding="utf-8"?>
<Project ToolsVersion="4.0" xmlns="http://schemas.microsoft.com/developer/msbuild/2003">
  <ItemGroup>
    <Filter Include="源文件">
      <UniqueIdentifier>{4FC737F1-C7A5-4376-A066-2A32D752A2FF}</UniqueIdentifier>
      <Extensions>cpp;c;cc;cxx;c++;cppm;ixx;def;odl;idl;hpj;bat;asm;asmx</Extensions>
    </Filter>
    <Filter Include="头文件">
      <UniqueIdentifier>{93995380-89BD-4b04-88EB-625FBE52EBFB}</UniqueIdentifier>
      <Extensions>h;hh;hpp;hxx;h++;hm;inl;inc;ipp;xsd</Extensions>
    </Filter>
    <Filter Include="资源文件">
      <UniqueIdentifier>{67DA6AB6-F800-4c08-8B7A-83BB121AAD01}</UniqueIdentifier>
      <Extensions>rc;ico;cur;bmp;dlg;rc2;rct;bin;rgs;gif;jpg;jpeg;jpe;resx;tiff;tif;png;wav;mfcribbon-ms</Extensions>
    </Filter>
  </ItemGroup>
  <ItemGroup>
    <ClInclude Include="Game\Headers\Camera.h">
      <Filter>头文件</Filter>
    </ClInclude>
    <ClInclude Include="Game\Headers\CharacterController.h">
      <Filter>头文件</Filter>
    </ClInclude>
    <ClInclude Include="Game\Headers\Level.h">
      <Filter>头文件</Filter>
    </ClInclude>
    <ClInclude Include="Engine\Headers\Animation.h">
      <Filter>头文件</Filter>
    </ClInclude>
    <ClInclude Include="Engine\Headers\Behaviour.h">
      <Filter>头文件</Filter>
    </ClInclude>
    <ClInclude Include="Engine\Headers\Collisions.h">
      <Filter>头文件</Filter>
    </ClInclude>
    <ClInclude Include="Engine\Headers\Driver.h">
      <Filter>头文件</Filter>
    </ClInclude>
    <ClInclude Include="Engine\Headers\FullScreenQuad.h">
      <Filter>头文件</Filter>
    </ClInclude>
    <ClInclude Include="Engine\Headers\GEMLoader.h">
      <Filter>头文件</Filter>
    </ClInclude>
    <ClInclude Include="Engine\Headers\GMath.h">
      <Filter>头文件</Filter>
    </ClInclude>
    <ClInclude Include="Engine\Headers\Mesh.h">
      <Filter>头文件</Filter>
    </ClInclude>
    <ClInclude Include="Engine\Headers\Primitives.h">
      <Filter>头文件</Filter>
    </ClInclude>
    <ClInclude Include="Engine\Headers\RenderTarget.h">
      <Filter>头文件</Filter>
    </ClInclude>
    <ClInclude Include="Engine\Headers\Shader.h">
      <Filter>头文件</Filter>
    </ClInclude>
    <ClInclude Include="Engine\Headers\stb_image.h">
      <Filter>头文件</Filter>
    </ClInclude>
    <ClInclude Include="Engine\Headers\Texture.h">
      <Filter>头文件</Filter>
    </ClInclude>
    <ClInclude Include="Engine\Headers\Transform.h">
      <Filter>头文件</Filter>
    </ClInclude>
    <ClInclude Include="Engine\Headers\Utilities.h">
      <Filter>头文件</Filter>
    </ClInclude>
    <ClInclude Include="Engine\Headers\Window.h">
      <Filter>头文件</Filter>
    </ClInclude>
  </ItemGroup>
  <ItemGroup>
    <ClCompile Include="Engine\Source\Animation.cpp">
      <Filter>源文件</Filter>
    </ClCompile>
    <ClCompile Include="Engine\Source\Behaviour.cpp">
      <Filter>源文件</Filter>
    </ClCompile>
    <ClCompile Include="Engine\Source\Collisions.cpp">
      <Filter>源文件</Filter>
    </ClCompile>
    <ClCompile Include="Engine\Source\Driver.cpp">
      <Filter>源文件</Filter>
    </ClCompile>
    <ClCompile Include="Engine\Source\FullScreenQuad.cpp">
      <Filter>源文件</Filter>
    </ClCompile>
    <ClCompile Include="Engine\Source\GMath.cpp">
      <Filter>源文件</Filter>
    </ClCompile>
    <ClCompile Include="Engine\Source\Mesh.cpp">
      <Filter>源文件</Filter>
    </ClCompile>
    <ClCompile Include="Engine\Source\Shader.cpp">
      <Filter>源文件</Filter>
    </ClCompile>
    <ClCompile Include="Engine\Source\Texture.cpp">
      <Filter>源文件</Filter>
    </ClCompile>
    <ClCompile Include="Engine\Source\Transform.cpp">
      <Filter>源文件</Filter>
    </ClCompile>
    <ClCompile Include="Engine\Source\Utilities.cpp">
      <Filter>源文件</Filter>
    </ClCompile>
    <ClCompile Include="Engine\Source\Window.cpp">
      <Filter>源文件</Filter>
    </ClCompile>
    <ClCompile Include="Game\Source\Camera.cpp">
      <Filter>源文件</Filter>
    </ClCompile>
    <ClCompile Include="Game\Source\CharacterController.cpp">
      <Filter>源文件</Filter>
    </ClCompile>
    <ClCompile Include="Game\Source\Game.cpp">
      <Filter>源文件</Filter>
    </ClCompile>
    <ClCompile Include="Game\Source\Level.cpp">
      <Filter>源文件</Filter>
    </ClCompile>
  </ItemGroup>
</Project>